// !$*UTF8*$!
{
	archiveVersion = 1;
	classes = {
	};
	objectVersion = 46;
	objects = {

/* Begin PBXBuildFile section */
		CB23623F1AE5EE5B004CB54C /* TimelineTableViewController.swift in Sources */ = {isa = PBXBuildFile; fileRef = CB23623E1AE5EE5B004CB54C /* TimelineTableViewController.swift */; };
		CB2362431AE5F206004CB54C /* revealViewGesture-News.swift in Sources */ = {isa = PBXBuildFile; fileRef = CB2362421AE5F206004CB54C /* revealViewGesture-News.swift */; };
		CB2362451AE5F66B004CB54C /* AboutUsViewController.swift in Sources */ = {isa = PBXBuildFile; fileRef = CB2362441AE5F66B004CB54C /* AboutUsViewController.swift */; };
		CB23B2F61AE5F8980055DC15 /* TimelineTableViewCell.swift in Sources */ = {isa = PBXBuildFile; fileRef = CB23B2F51AE5F8980055DC15 /* TimelineTableViewCell.swift */; };
		CB27185E1AE2100700EB475F /* QRViewController.swift in Sources */ = {isa = PBXBuildFile; fileRef = CB2718541AE2100700EB475F /* QRViewController.swift */; };
		CB27185F1AE2100700EB475F /* pick_bg@2x.png in Resources */ = {isa = PBXBuildFile; fileRef = CB2718551AE2100700EB475F /* pick_bg@2x.png */; };
		CB2718601AE2100700EB475F /* ocrBack.png in Resources */ = {isa = PBXBuildFile; fileRef = CB2718561AE2100700EB475F /* ocrBack.png */; };
		CB2718611AE2100700EB475F /* ocrBack@2x.png in Resources */ = {isa = PBXBuildFile; fileRef = CB2718571AE2100700EB475F /* ocrBack@2x.png */; };
		CB2718621AE2100700EB475F /* ocr_albums.png in Resources */ = {isa = PBXBuildFile; fileRef = CB2718581AE2100700EB475F /* ocr_albums.png */; };
		CB2718631AE2100700EB475F /* ocr_albums@2x.png in Resources */ = {isa = PBXBuildFile; fileRef = CB2718591AE2100700EB475F /* ocr_albums@2x.png */; };
		CB2718641AE2100700EB475F /* ocr_flash-off.png in Resources */ = {isa = PBXBuildFile; fileRef = CB27185A1AE2100700EB475F /* ocr_flash-off.png */; };
		CB2718651AE2100700EB475F /* ocr_flash-off@2x.png in Resources */ = {isa = PBXBuildFile; fileRef = CB27185B1AE2100700EB475F /* ocr_flash-off@2x.png */; };
		CB2718661AE2100700EB475F /* ocr_flash-on.png in Resources */ = {isa = PBXBuildFile; fileRef = CB27185C1AE2100700EB475F /* ocr_flash-on.png */; };
		CB2718671AE2100700EB475F /* ocr_flash-on@2x.png in Resources */ = {isa = PBXBuildFile; fileRef = CB27185D1AE2100700EB475F /* ocr_flash-on@2x.png */; };
		CB53C7031AE125E6006BDC9E /* backTableVC.swift in Sources */ = {isa = PBXBuildFile; fileRef = CB53C7011AE125E6006BDC9E /* backTableVC.swift */; };
		CB53C7071AE12600006BDC9E /* SWRevealViewController.m in Sources */ = {isa = PBXBuildFile; fileRef = CB53C7061AE12600006BDC9E /* SWRevealViewController.m */; };
		CB6368301AE5605F00CA5856 /* ComposeViewController.swift in Sources */ = {isa = PBXBuildFile; fileRef = CB63682F1AE5605F00CA5856 /* ComposeViewController.swift */; };
		CBDC54CE1AE002A700DEC5CF /* AppDelegate.swift in Sources */ = {isa = PBXBuildFile; fileRef = CBDC54CD1AE002A700DEC5CF /* AppDelegate.swift */; };
		CBDC54D31AE002A700DEC5CF /* UserCenterViewController.swift in Sources */ = {isa = PBXBuildFile; fileRef = CBDC54D21AE002A700DEC5CF /* UserCenterViewController.swift */; };
		CBDC54D61AE002A700DEC5CF /* Main.storyboard in Resources */ = {isa = PBXBuildFile; fileRef = CBDC54D41AE002A700DEC5CF /* Main.storyboard */; };
		CBDC54D81AE002A700DEC5CF /* Images.xcassets in Resources */ = {isa = PBXBuildFile; fileRef = CBDC54D71AE002A700DEC5CF /* Images.xcassets */; };
		CBDC54DB1AE002A700DEC5CF /* LaunchScreen.xib in Resources */ = {isa = PBXBuildFile; fileRef = CBDC54D91AE002A700DEC5CF /* LaunchScreen.xib */; };
		CBDC54E71AE002A700DEC5CF /* UserLoginandRegistrationTests.swift in Sources */ = {isa = PBXBuildFile; fileRef = CBDC54E61AE002A700DEC5CF /* UserLoginandRegistrationTests.swift */; };
		CBDC54F11AE0130100DEC5CF /* RegisterPageViewController.swift in Sources */ = {isa = PBXBuildFile; fileRef = CBDC54F01AE0130100DEC5CF /* RegisterPageViewController.swift */; };
		CBDC54F31AE0277E00DEC5CF /* LoginPageViewController.swift in Sources */ = {isa = PBXBuildFile; fileRef = CBDC54F21AE0277E00DEC5CF /* LoginPageViewController.swift */; };
		CBDC54F61AE034EA00DEC5CF /* cat.jpg in Resources */ = {isa = PBXBuildFile; fileRef = CBDC54F51AE034EA00DEC5CF /* cat.jpg */; };
		CBEBC34E1AE0575500158214 /* BmobSDK.framework in Frameworks */ = {isa = PBXBuildFile; fileRef = CBEBC34D1AE0575500158214 /* BmobSDK.framework */; };
		CBEBC3501AE0578700158214 /* libsqlite3.dylib in Frameworks */ = {isa = PBXBuildFile; fileRef = CBEBC34F1AE0578700158214 /* libsqlite3.dylib */; };
		CBEBC3521AE0579700158214 /* libicucore.dylib in Frameworks */ = {isa = PBXBuildFile; fileRef = CBEBC3511AE0579700158214 /* libicucore.dylib */; };
		CBEBC3541AE057BC00158214 /* libz.1.2.5.dylib in Frameworks */ = {isa = PBXBuildFile; fileRef = CBEBC3531AE057BC00158214 /* libz.1.2.5.dylib */; };
		CBEBC3571AE057CA00158214 /* CoreFoundation.framework in Frameworks */ = {isa = PBXBuildFile; fileRef = CBEBC3551AE057CA00158214 /* CoreFoundation.framework */; };
		CBEBC3581AE057CA00158214 /* Foundation.framework in Frameworks */ = {isa = PBXBuildFile; fileRef = CBEBC3561AE057CA00158214 /* Foundation.framework */; };
		CBEBC39F1AE0FC0E00158214 /* Regex.swift in Sources */ = {isa = PBXBuildFile; fileRef = CBEBC39E1AE0FC0E00158214 /* Regex.swift */; };
		CBFB0D181AE19A000004CB14 /* reveal-icon.png in Resources */ = {isa = PBXBuildFile; fileRef = CBFB0D161AE19A000004CB14 /* reveal-icon.png */; };
		CBFB0D191AE19A000004CB14 /* reveal-icon@2x.png in Resources */ = {isa = PBXBuildFile; fileRef = CBFB0D171AE19A000004CB14 /* reveal-icon@2x.png */; };
/* End PBXBuildFile section */

/* Begin PBXContainerItemProxy section */
		CBDC54E11AE002A700DEC5CF /* PBXContainerItemProxy */ = {
			isa = PBXContainerItemProxy;
			containerPortal = CBDC54C01AE002A700DEC5CF /* Project object */;
			proxyType = 1;
			remoteGlobalIDString = CBDC54C71AE002A700DEC5CF;
			remoteInfo = UserLoginandRegistration;
		};
/* End PBXContainerItemProxy section */

/* Begin PBXFileReference section */
		CB23623E1AE5EE5B004CB54C /* TimelineTableViewController.swift */ = {isa = PBXFileReference; fileEncoding = 4; lastKnownFileType = sourcecode.swift; path = TimelineTableViewController.swift; sourceTree = "<group>"; };
		CB2362421AE5F206004CB54C /* revealViewGesture-News.swift */ = {isa = PBXFileReference; fileEncoding = 4; lastKnownFileType = sourcecode.swift; path = "revealViewGesture-News.swift"; sourceTree = "<group>"; };
		CB2362441AE5F66B004CB54C /* AboutUsViewController.swift */ = {isa = PBXFileReference; fileEncoding = 4; lastKnownFileType = sourcecode.swift; path = AboutUsViewController.swift; sourceTree = "<group>"; };
		CB23B2F51AE5F8980055DC15 /* TimelineTableViewCell.swift */ = {isa = PBXFileReference; fileEncoding = 4; lastKnownFileType = sourcecode.swift; path = TimelineTableViewCell.swift; sourceTree = "<group>"; };
		CB2718541AE2100700EB475F /* QRViewController.swift */ = {isa = PBXFileReference; fileEncoding = 4; lastKnownFileType = sourcecode.swift; path = QRViewController.swift; sourceTree = "<group>"; };
		CB2718551AE2100700EB475F /* pick_bg@2x.png */ = {isa = PBXFileReference; lastKnownFileType = image.png; path = "pick_bg@2x.png"; sourceTree = "<group>"; };
		CB2718561AE2100700EB475F /* ocrBack.png */ = {isa = PBXFileReference; lastKnownFileType = image.png; path = ocrBack.png; sourceTree = "<group>"; };
		CB2718571AE2100700EB475F /* ocrBack@2x.png */ = {isa = PBXFileReference; lastKnownFileType = image.png; path = "ocrBack@2x.png"; sourceTree = "<group>"; };
		CB2718581AE2100700EB475F /* ocr_albums.png */ = {isa = PBXFileReference; lastKnownFileType = image.png; path = ocr_albums.png; sourceTree = "<group>"; };
		CB2718591AE2100700EB475F /* ocr_albums@2x.png */ = {isa = PBXFileReference; lastKnownFileType = image.png; path = "ocr_albums@2x.png"; sourceTree = "<group>"; };
		CB27185A1AE2100700EB475F /* ocr_flash-off.png */ = {isa = PBXFileReference; lastKnownFileType = image.png; path = "ocr_flash-off.png"; sourceTree = "<group>"; };
		CB27185B1AE2100700EB475F /* ocr_flash-off@2x.png */ = {isa = PBXFileReference; lastKnownFileType = image.png; path = "ocr_flash-off@2x.png"; sourceTree = "<group>"; };
		CB27185C1AE2100700EB475F /* ocr_flash-on.png */ = {isa = PBXFileReference; lastKnownFileType = image.png; path = "ocr_flash-on.png"; sourceTree = "<group>"; };
		CB27185D1AE2100700EB475F /* ocr_flash-on@2x.png */ = {isa = PBXFileReference; lastKnownFileType = image.png; path = "ocr_flash-on@2x.png"; sourceTree = "<group>"; };
		CB53C7011AE125E6006BDC9E /* backTableVC.swift */ = {isa = PBXFileReference; fileEncoding = 4; lastKnownFileType = sourcecode.swift; path = backTableVC.swift; sourceTree = "<group>"; };
		CB53C7051AE12600006BDC9E /* SWRevealViewController.h */ = {isa = PBXFileReference; fileEncoding = 4; lastKnownFileType = sourcecode.c.h; path = SWRevealViewController.h; sourceTree = "<group>"; };
		CB53C7061AE12600006BDC9E /* SWRevealViewController.m */ = {isa = PBXFileReference; fileEncoding = 4; lastKnownFileType = sourcecode.c.objc; path = SWRevealViewController.m; sourceTree = "<group>"; };
		CB63682F1AE5605F00CA5856 /* ComposeViewController.swift */ = {isa = PBXFileReference; fileEncoding = 4; lastKnownFileType = sourcecode.swift; path = ComposeViewController.swift; sourceTree = "<group>"; };
		CBDC54C81AE002A700DEC5CF /* UserLoginandRegistration.app */ = {isa = PBXFileReference; explicitFileType = wrapper.application; includeInIndex = 0; path = UserLoginandRegistration.app; sourceTree = BUILT_PRODUCTS_DIR; };
		CBDC54CC1AE002A700DEC5CF /* Info.plist */ = {isa = PBXFileReference; lastKnownFileType = text.plist.xml; path = Info.plist; sourceTree = "<group>"; };
		CBDC54CD1AE002A700DEC5CF /* AppDelegate.swift */ = {isa = PBXFileReference; lastKnownFileType = sourcecode.swift; path = AppDelegate.swift; sourceTree = "<group>"; };
		CBDC54D21AE002A700DEC5CF /* UserCenterViewController.swift */ = {isa = PBXFileReference; lastKnownFileType = sourcecode.swift; path = UserCenterViewController.swift; sourceTree = "<group>"; };
		CBDC54D51AE002A700DEC5CF /* Base */ = {isa = PBXFileReference; lastKnownFileType = file.storyboard; name = Base; path = Base.lproj/Main.storyboard; sourceTree = "<group>"; };
		CBDC54D71AE002A700DEC5CF /* Images.xcassets */ = {isa = PBXFileReference; lastKnownFileType = folder.assetcatalog; path = Images.xcassets; sourceTree = "<group>"; };
		CBDC54DA1AE002A700DEC5CF /* Base */ = {isa = PBXFileReference; lastKnownFileType = file.xib; name = Base; path = Base.lproj/LaunchScreen.xib; sourceTree = "<group>"; };
		CBDC54E01AE002A700DEC5CF /* UserLoginandRegistrationTests.xctest */ = {isa = PBXFileReference; explicitFileType = wrapper.cfbundle; includeInIndex = 0; path = UserLoginandRegistrationTests.xctest; sourceTree = BUILT_PRODUCTS_DIR; };
		CBDC54E51AE002A700DEC5CF /* Info.plist */ = {isa = PBXFileReference; lastKnownFileType = text.plist.xml; path = Info.plist; sourceTree = "<group>"; };
		CBDC54E61AE002A700DEC5CF /* UserLoginandRegistrationTests.swift */ = {isa = PBXFileReference; lastKnownFileType = sourcecode.swift; path = UserLoginandRegistrationTests.swift; sourceTree = "<group>"; };
		CBDC54F01AE0130100DEC5CF /* RegisterPageViewController.swift */ = {isa = PBXFileReference; fileEncoding = 4; lastKnownFileType = sourcecode.swift; path = RegisterPageViewController.swift; sourceTree = "<group>"; };
		CBDC54F21AE0277E00DEC5CF /* LoginPageViewController.swift */ = {isa = PBXFileReference; fileEncoding = 4; lastKnownFileType = sourcecode.swift; path = LoginPageViewController.swift; sourceTree = "<group>"; };
		CBDC54F51AE034EA00DEC5CF /* cat.jpg */ = {isa = PBXFileReference; lastKnownFileType = image.jpeg; path = cat.jpg; sourceTree = "<group>"; };
		CBEBC34D1AE0575500158214 /* BmobSDK.framework */ = {isa = PBXFileReference; lastKnownFileType = wrapper.framework; path = BmobSDK.framework; sourceTree = "<group>"; };
		CBEBC34F1AE0578700158214 /* libsqlite3.dylib */ = {isa = PBXFileReference; lastKnownFileType = "compiled.mach-o.dylib"; name = libsqlite3.dylib; path = usr/lib/libsqlite3.dylib; sourceTree = SDKROOT; };
		CBEBC3511AE0579700158214 /* libicucore.dylib */ = {isa = PBXFileReference; lastKnownFileType = "compiled.mach-o.dylib"; name = libicucore.dylib; path = usr/lib/libicucore.dylib; sourceTree = SDKROOT; };
		CBEBC3531AE057BC00158214 /* libz.1.2.5.dylib */ = {isa = PBXFileReference; lastKnownFileType = "compiled.mach-o.dylib"; name = libz.1.2.5.dylib; path = usr/lib/libz.1.2.5.dylib; sourceTree = SDKROOT; };
		CBEBC3551AE057CA00158214 /* CoreFoundation.framework */ = {isa = PBXFileReference; lastKnownFileType = wrapper.framework; name = CoreFoundation.framework; path = System/Library/Frameworks/CoreFoundation.framework; sourceTree = SDKROOT; };
		CBEBC3561AE057CA00158214 /* Foundation.framework */ = {isa = PBXFileReference; lastKnownFileType = wrapper.framework; name = Foundation.framework; path = System/Library/Frameworks/Foundation.framework; sourceTree = SDKROOT; };
		CBEBC3591AE057F100158214 /* UserLoginandRegistration-Bridging-Header.h */ = {isa = PBXFileReference; lastKnownFileType = sourcecode.c.h; path = "UserLoginandRegistration-Bridging-Header.h"; sourceTree = SOURCE_ROOT; };
		CBEBC39E1AE0FC0E00158214 /* Regex.swift */ = {isa = PBXFileReference; fileEncoding = 4; lastKnownFileType = sourcecode.swift; path = Regex.swift; sourceTree = "<group>"; };
		CBFB0D161AE19A000004CB14 /* reveal-icon.png */ = {isa = PBXFileReference; lastKnownFileType = image.png; path = "reveal-icon.png"; sourceTree = "<group>"; };
		CBFB0D171AE19A000004CB14 /* reveal-icon@2x.png */ = {isa = PBXFileReference; lastKnownFileType = image.png; path = "reveal-icon@2x.png"; sourceTree = "<group>"; };
/* End PBXFileReference section */

/* Begin PBXFrameworksBuildPhase section */
		CBDC54C51AE002A700DEC5CF /* Frameworks */ = {
			isa = PBXFrameworksBuildPhase;
			buildActionMask = 2147483647;
			files = (
				CBEBC3571AE057CA00158214 /* CoreFoundation.framework in Frameworks */,
				CBEBC3581AE057CA00158214 /* Foundation.framework in Frameworks */,
				CBEBC3541AE057BC00158214 /* libz.1.2.5.dylib in Frameworks */,
				CBEBC3521AE0579700158214 /* libicucore.dylib in Frameworks */,
				CBEBC3501AE0578700158214 /* libsqlite3.dylib in Frameworks */,
				CBEBC34E1AE0575500158214 /* BmobSDK.framework in Frameworks */,
			);
			runOnlyForDeploymentPostprocessing = 0;
		};
		CBDC54DD1AE002A700DEC5CF /* Frameworks */ = {
			isa = PBXFrameworksBuildPhase;
			buildActionMask = 2147483647;
			files = (
			);
			runOnlyForDeploymentPostprocessing = 0;
		};
/* End PBXFrameworksBuildPhase section */

/* Begin PBXGroup section */
		CB2718531AE20F8800EB475F /* QRcodeScaner */ = {
			isa = PBXGroup;
			children = (
				CB2718541AE2100700EB475F /* QRViewController.swift */,
				CB2718551AE2100700EB475F /* pick_bg@2x.png */,
				CB2718561AE2100700EB475F /* ocrBack.png */,
				CB2718571AE2100700EB475F /* ocrBack@2x.png */,
				CB2718581AE2100700EB475F /* ocr_albums.png */,
				CB2718591AE2100700EB475F /* ocr_albums@2x.png */,
				CB27185A1AE2100700EB475F /* ocr_flash-off.png */,
				CB27185B1AE2100700EB475F /* ocr_flash-off@2x.png */,
				CB27185C1AE2100700EB475F /* ocr_flash-on.png */,
				CB27185D1AE2100700EB475F /* ocr_flash-on@2x.png */,
			);
			name = QRcodeScaner;
			sourceTree = "<group>";
		};
		CB53C6FE1AE12443006BDC9E /* UserCenter */ = {
			isa = PBXGroup;
			children = (
				CBDC54F01AE0130100DEC5CF /* RegisterPageViewController.swift */,
				CBDC54F21AE0277E00DEC5CF /* LoginPageViewController.swift */,
				CBDC54D21AE002A700DEC5CF /* UserCenterViewController.swift */,
			);
			name = UserCenter;
			sourceTree = "<group>";
		};
		CB53C6FF1AE12455006BDC9E /* Assembly */ = {
			isa = PBXGroup;
			children = (
				CB63682E1AE5602A00CA5856 /* Features */,
				CB2718531AE20F8800EB475F /* QRcodeScaner */,
				CB53C7001AE1256C006BDC9E /* SlideFrame */,
				CB53C6FE1AE12443006BDC9E /* UserCenter */,
			);
			name = Assembly;
			sourceTree = "<group>";
		};
		CB53C7001AE1256C006BDC9E /* SlideFrame */ = {
			isa = PBXGroup;
			children = (
				CB53C7051AE12600006BDC9E /* SWRevealViewController.h */,
				CB53C7061AE12600006BDC9E /* SWRevealViewController.m */,
				CB53C7011AE125E6006BDC9E /* backTableVC.swift */,
			);
			name = SlideFrame;
			sourceTree = "<group>";
		};
		CB63682E1AE5602A00CA5856 /* Features */ = {
			isa = PBXGroup;
			children = (
				CB63682F1AE5605F00CA5856 /* ComposeViewController.swift */,
				CB23623E1AE5EE5B004CB54C /* TimelineTableViewController.swift */,
				CB2362441AE5F66B004CB54C /* AboutUsViewController.swift */,
				CB23B2F51AE5F8980055DC15 /* TimelineTableViewCell.swift */,
			);
			name = Features;
			sourceTree = "<group>";
		};
		CBDC54BF1AE002A700DEC5CF = {
			isa = PBXGroup;
			children = (
				CBDC54CA1AE002A700DEC5CF /* UserLoginandRegistration */,
				CBDC54E31AE002A700DEC5CF /* UserLoginandRegistrationTests */,
				CBDC54C91AE002A700DEC5CF /* Products */,
			);
			sourceTree = "<group>";
		};
		CBDC54C91AE002A700DEC5CF /* Products */ = {
			isa = PBXGroup;
			children = (
				CBDC54C81AE002A700DEC5CF /* UserLoginandRegistration.app */,
				CBDC54E01AE002A700DEC5CF /* UserLoginandRegistrationTests.xctest */,
			);
			name = Products;
			sourceTree = "<group>";
		};
		CBDC54CA1AE002A700DEC5CF /* UserLoginandRegistration */ = {
			isa = PBXGroup;
			children = (
				CBDC54F41AE034B600DEC5CF /* Resource */,
				CB53C6FF1AE12455006BDC9E /* Assembly */,
				CBDC54CD1AE002A700DEC5CF /* AppDelegate.swift */,
				CBDC54D41AE002A700DEC5CF /* Main.storyboard */,
				CB2362421AE5F206004CB54C /* revealViewGesture-News.swift */,
				CBDC54D71AE002A700DEC5CF /* Images.xcassets */,
				CBDC54D91AE002A700DEC5CF /* LaunchScreen.xib */,
				CBDC54CB1AE002A700DEC5CF /* Supporting Files */,
			);
			path = UserLoginandRegistration;
			sourceTree = "<group>";
		};
		CBDC54CB1AE002A700DEC5CF /* Supporting Files */ = {
			isa = PBXGroup;
			children = (
				CBEBC39E1AE0FC0E00158214 /* Regex.swift */,
				CBEBC34D1AE0575500158214 /* BmobSDK.framework */,
				CBEBC3551AE057CA00158214 /* CoreFoundation.framework */,
				CBEBC3561AE057CA00158214 /* Foundation.framework */,
				CBEBC3531AE057BC00158214 /* libz.1.2.5.dylib */,
				CBEBC3511AE0579700158214 /* libicucore.dylib */,
				CBEBC34F1AE0578700158214 /* libsqlite3.dylib */,
				CBEBC3591AE057F100158214 /* UserLoginandRegistration-Bridging-Header.h */,
				CBDC54CC1AE002A700DEC5CF /* Info.plist */,
			);
			name = "Supporting Files";
			sourceTree = "<group>";
		};
		CBDC54E31AE002A700DEC5CF /* UserLoginandRegistrationTests */ = {
			isa = PBXGroup;
			children = (
				CBDC54E61AE002A700DEC5CF /* UserLoginandRegistrationTests.swift */,
				CBDC54E41AE002A700DEC5CF /* Supporting Files */,
			);
			path = UserLoginandRegistrationTests;
			sourceTree = "<group>";
		};
		CBDC54E41AE002A700DEC5CF /* Supporting Files */ = {
			isa = PBXGroup;
			children = (
				CBDC54E51AE002A700DEC5CF /* Info.plist */,
			);
			name = "Supporting Files";
			sourceTree = "<group>";
		};
		CBDC54F41AE034B600DEC5CF /* Resource */ = {
			isa = PBXGroup;
			children = (
				CBFB0D161AE19A000004CB14 /* reveal-icon.png */,
				CBFB0D171AE19A000004CB14 /* reveal-icon@2x.png */,
				CBDC54F51AE034EA00DEC5CF /* cat.jpg */,
			);
			name = Resource;
			sourceTree = "<group>";
		};
/* End PBXGroup section */

/* Begin PBXNativeTarget section */
		CBDC54C71AE002A700DEC5CF /* UserLoginandRegistration */ = {
			isa = PBXNativeTarget;
			buildConfigurationList = CBDC54EA1AE002A700DEC5CF /* Build configuration list for PBXNativeTarget "UserLoginandRegistration" */;
			buildPhases = (
				CBDC54C41AE002A700DEC5CF /* Sources */,
				CBDC54C51AE002A700DEC5CF /* Frameworks */,
				CBDC54C61AE002A700DEC5CF /* Resources */,
			);
			buildRules = (
			);
			dependencies = (
			);
			name = UserLoginandRegistration;
			productName = UserLoginandRegistration;
			productReference = CBDC54C81AE002A700DEC5CF /* UserLoginandRegistration.app */;
			productType = "com.apple.product-type.application";
		};
		CBDC54DF1AE002A700DEC5CF /* UserLoginandRegistrationTests */ = {
			isa = PBXNativeTarget;
			buildConfigurationList = CBDC54ED1AE002A700DEC5CF /* Build configuration list for PBXNativeTarget "UserLoginandRegistrationTests" */;
			buildPhases = (
				CBDC54DC1AE002A700DEC5CF /* Sources */,
				CBDC54DD1AE002A700DEC5CF /* Frameworks */,
				CBDC54DE1AE002A700DEC5CF /* Resources */,
			);
			buildRules = (
			);
			dependencies = (
				CBDC54E21AE002A700DEC5CF /* PBXTargetDependency */,
			);
			name = UserLoginandRegistrationTests;
			productName = UserLoginandRegistrationTests;
			productReference = CBDC54E01AE002A700DEC5CF /* UserLoginandRegistrationTests.xctest */;
			productType = "com.apple.product-type.bundle.unit-test";
		};
/* End PBXNativeTarget section */

/* Begin PBXProject section */
		CBDC54C01AE002A700DEC5CF /* Project object */ = {
			isa = PBXProject;
			attributes = {
				LastUpgradeCheck = 0630;
				ORGANIZATIONNAME = HuCharlie;
				TargetAttributes = {
					CBDC54C71AE002A700DEC5CF = {
						CreatedOnToolsVersion = 6.3;
					};
					CBDC54DF1AE002A700DEC5CF = {
						CreatedOnToolsVersion = 6.3;
						TestTargetID = CBDC54C71AE002A700DEC5CF;
					};
				};
			};
			buildConfigurationList = CBDC54C31AE002A700DEC5CF /* Build configuration list for PBXProject "UserLoginandRegistration" */;
			compatibilityVersion = "Xcode 3.2";
			developmentRegion = English;
			hasScannedForEncodings = 0;
			knownRegions = (
				en,
				Base,
			);
			mainGroup = CBDC54BF1AE002A700DEC5CF;
			productRefGroup = CBDC54C91AE002A700DEC5CF /* Products */;
			projectDirPath = "";
			projectRoot = "";
			targets = (
				CBDC54C71AE002A700DEC5CF /* UserLoginandRegistration */,
				CBDC54DF1AE002A700DEC5CF /* UserLoginandRegistrationTests */,
			);
		};
/* End PBXProject section */

/* Begin PBXResourcesBuildPhase section */
		CBDC54C61AE002A700DEC5CF /* Resources */ = {
			isa = PBXResourcesBuildPhase;
			buildActionMask = 2147483647;
			files = (
				CB2718631AE2100700EB475F /* ocr_albums@2x.png in Resources */,
				CB2718641AE2100700EB475F /* ocr_flash-off.png in Resources */,
				CB2718661AE2100700EB475F /* ocr_flash-on.png in Resources */,
				CB2718621AE2100700EB475F /* ocr_albums.png in Resources */,
				CB27185F1AE2100700EB475F /* pick_bg@2x.png in Resources */,
				CBDC54D61AE002A700DEC5CF /* Main.storyboard in Resources */,
				CBDC54F61AE034EA00DEC5CF /* cat.jpg in Resources */,
				CB2718671AE2100700EB475F /* ocr_flash-on@2x.png in Resources */,
				CB2718651AE2100700EB475F /* ocr_flash-off@2x.png in Resources */,
				CB2718601AE2100700EB475F /* ocrBack.png in Resources */,
				CBFB0D191AE19A000004CB14 /* reveal-icon@2x.png in Resources */,
				CBDC54DB1AE002A700DEC5CF /* LaunchScreen.xib in Resources */,
				CBDC54D81AE002A700DEC5CF /* Images.xcassets in Resources */,
				CB2718611AE2100700EB475F /* ocrBack@2x.png in Resources */,
				CBFB0D181AE19A000004CB14 /* reveal-icon.png in Resources */,
			);
			runOnlyForDeploymentPostprocessing = 0;
		};
		CBDC54DE1AE002A700DEC5CF /* Resources */ = {
			isa = PBXResourcesBuildPhase;
			buildActionMask = 2147483647;
			files = (
			);
			runOnlyForDeploymentPostprocessing = 0;
		};
/* End PBXResourcesBuildPhase section */

/* Begin PBXSourcesBuildPhase section */
		CBDC54C41AE002A700DEC5CF /* Sources */ = {
			isa = PBXSourcesBuildPhase;
			buildActionMask = 2147483647;
			files = (
				CB53C7031AE125E6006BDC9E /* backTableVC.swift in Sources */,
				CB6368301AE5605F00CA5856 /* ComposeViewController.swift in Sources */,
				CBDC54F11AE0130100DEC5CF /* RegisterPageViewController.swift in Sources */,
				CB23B2F61AE5F8980055DC15 /* TimelineTableViewCell.swift in Sources */,
				CB27185E1AE2100700EB475F /* QRViewController.swift in Sources */,
				CB2362451AE5F66B004CB54C /* AboutUsViewController.swift in Sources */,
				CBDC54D31AE002A700DEC5CF /* UserCenterViewController.swift in Sources */,
				CB53C7071AE12600006BDC9E /* SWRevealViewController.m in Sources */,
				CBDC54CE1AE002A700DEC5CF /* AppDelegate.swift in Sources */,
				CB2362431AE5F206004CB54C /* revealViewGesture-News.swift in Sources */,
				CBDC54F31AE0277E00DEC5CF /* LoginPageViewController.swift in Sources */,
				CB23623F1AE5EE5B004CB54C /* TimelineTableViewController.swift in Sources */,
				CBEBC39F1AE0FC0E00158214 /* Regex.swift in Sources */,
			);
			runOnlyForDeploymentPostprocessing = 0;
		};
		CBDC54DC1AE002A700DEC5CF /* Sources */ = {
			isa = PBXSourcesBuildPhase;
			buildActionMask = 2147483647;
			files = (
				CBDC54E71AE002A700DEC5CF /* UserLoginandRegistrationTests.swift in Sources */,
			);
			runOnlyForDeploymentPostprocessing = 0;
		};
/* End PBXSourcesBuildPhase section */

/* Begin PBXTargetDependency section */
		CBDC54E21AE002A700DEC5CF /* PBXTargetDependency */ = {
			isa = PBXTargetDependency;
			target = CBDC54C71AE002A700DEC5CF /* UserLoginandRegistration */;
			targetProxy = CBDC54E11AE002A700DEC5CF /* PBXContainerItemProxy */;
		};
/* End PBXTargetDependency section */

/* Begin PBXVariantGroup section */
		CBDC54D41AE002A700DEC5CF /* Main.storyboard */ = {
			isa = PBXVariantGroup;
			children = (
				CBDC54D51AE002A700DEC5CF /* Base */,
			);
			name = Main.storyboard;
			sourceTree = "<group>";
		};
		CBDC54D91AE002A700DEC5CF /* LaunchScreen.xib */ = {
			isa = PBXVariantGroup;
			children = (
				CBDC54DA1AE002A700DEC5CF /* Base */,
			);
			name = LaunchScreen.xib;
			sourceTree = "<group>";
		};
/* End PBXVariantGroup section */

/* Begin XCBuildConfiguration section */
		CBDC54E81AE002A700DEC5CF /* Debug */ = {
			isa = XCBuildConfiguration;
			buildSettings = {
				ALWAYS_SEARCH_USER_PATHS = NO;
				CLANG_CXX_LANGUAGE_STANDARD = "gnu++0x";
				CLANG_CXX_LIBRARY = "libc++";
				CLANG_ENABLE_MODULES = YES;
				CLANG_ENABLE_OBJC_ARC = YES;
				CLANG_WARN_BOOL_CONVERSION = YES;
				CLANG_WARN_CONSTANT_CONVERSION = YES;
				CLANG_WARN_DIRECT_OBJC_ISA_USAGE = YES_ERROR;
				CLANG_WARN_EMPTY_BODY = YES;
				CLANG_WARN_ENUM_CONVERSION = YES;
				CLANG_WARN_INT_CONVERSION = YES;
				CLANG_WARN_OBJC_ROOT_CLASS = YES_ERROR;
				CLANG_WARN_UNREACHABLE_CODE = YES;
				CLANG_WARN__DUPLICATE_METHOD_MATCH = YES;
				"CODE_SIGN_IDENTITY[sdk=iphoneos*]" = "iPhone Developer";
				COPY_PHASE_STRIP = NO;
				DEBUG_INFORMATION_FORMAT = "dwarf-with-dsym";
				ENABLE_STRICT_OBJC_MSGSEND = YES;
				GCC_C_LANGUAGE_STANDARD = gnu99;
				GCC_DYNAMIC_NO_PIC = NO;
				GCC_NO_COMMON_BLOCKS = YES;
				GCC_OPTIMIZATION_LEVEL = 0;
				GCC_PREPROCESSOR_DEFINITIONS = (
					"DEBUG=1",
					"$(inherited)",
				);
				GCC_SYMBOLS_PRIVATE_EXTERN = NO;
				GCC_WARN_64_TO_32_BIT_CONVERSION = YES;
				GCC_WARN_ABOUT_RETURN_TYPE = YES_ERROR;
				GCC_WARN_UNDECLARED_SELECTOR = YES;
				GCC_WARN_UNINITIALIZED_AUTOS = YES_AGGRESSIVE;
				GCC_WARN_UNUSED_FUNCTION = YES;
				GCC_WARN_UNUSED_VARIABLE = YES;
				IPHONEOS_DEPLOYMENT_TARGET = 8.3;
				MTL_ENABLE_DEBUG_INFO = YES;
				ONLY_ACTIVE_ARCH = YES;
				SDKROOT = iphoneos;
				SWIFT_OPTIMIZATION_LEVEL = "-Onone";
				TARGETED_DEVICE_FAMILY = "1,2";
			};
			name = Debug;
		};
		CBDC54E91AE002A700DEC5CF /* Release */ = {
			isa = XCBuildConfiguration;
			buildSettings = {
				ALWAYS_SEARCH_USER_PATHS = NO;
				CLANG_CXX_LANGUAGE_STANDARD = "gnu++0x";
				CLANG_CXX_LIBRARY = "libc++";
				CLANG_ENABLE_MODULES = YES;
				CLANG_ENABLE_OBJC_ARC = YES;
				CLANG_WARN_BOOL_CONVERSION = YES;
				CLANG_WARN_CONSTANT_CONVERSION = YES;
				CLANG_WARN_DIRECT_OBJC_ISA_USAGE = YES_ERROR;
				CLANG_WARN_EMPTY_BODY = YES;
				CLANG_WARN_ENUM_CONVERSION = YES;
				CLANG_WARN_INT_CONVERSION = YES;
				CLANG_WARN_OBJC_ROOT_CLASS = YES_ERROR;
				CLANG_WARN_UNREACHABLE_CODE = YES;
				CLANG_WARN__DUPLICATE_METHOD_MATCH = YES;
				"CODE_SIGN_IDENTITY[sdk=iphoneos*]" = "iPhone Developer";
				COPY_PHASE_STRIP = NO;
				DEBUG_INFORMATION_FORMAT = "dwarf-with-dsym";
				ENABLE_NS_ASSERTIONS = NO;
				ENABLE_STRICT_OBJC_MSGSEND = YES;
				GCC_C_LANGUAGE_STANDARD = gnu99;
				GCC_NO_COMMON_BLOCKS = YES;
				GCC_WARN_64_TO_32_BIT_CONVERSION = YES;
				GCC_WARN_ABOUT_RETURN_TYPE = YES_ERROR;
				GCC_WARN_UNDECLARED_SELECTOR = YES;
				GCC_WARN_UNINITIALIZED_AUTOS = YES_AGGRESSIVE;
				GCC_WARN_UNUSED_FUNCTION = YES;
				GCC_WARN_UNUSED_VARIABLE = YES;
				IPHONEOS_DEPLOYMENT_TARGET = 8.3;
				MTL_ENABLE_DEBUG_INFO = NO;
				SDKROOT = iphoneos;
				TARGETED_DEVICE_FAMILY = "1,2";
				VALIDATE_PRODUCT = YES;
			};
			name = Release;
		};
		CBDC54EB1AE002A700DEC5CF /* Debug */ = {
			isa = XCBuildConfiguration;
			buildSettings = {
				ASSETCATALOG_COMPILER_APPICON_NAME = AppIcon;
				CLANG_ENABLE_MODULES = YES;
				FRAMEWORK_SEARCH_PATHS = (
					"$(inherited)",
					"$(PROJECT_DIR)/UserLoginandRegistration",
				);
				INFOPLIST_FILE = UserLoginandRegistration/Info.plist;
				LD_RUNPATH_SEARCH_PATHS = "$(inherited) @executable_path/Frameworks";
				PRODUCT_NAME = "$(TARGET_NAME)";
				SWIFT_OBJC_BRIDGING_HEADER = "UserLoginandRegistration-Bridging-Header.h";
				SWIFT_OPTIMIZATION_LEVEL = "-Onone";
			};
			name = Debug;
		};
		CBDC54EC1AE002A700DEC5CF /* Release */ = {
			isa = XCBuildConfiguration;
			buildSettings = {
				ASSETCATALOG_COMPILER_APPICON_NAME = AppIcon;
				CLANG_ENABLE_MODULES = YES;
				FRAMEWORK_SEARCH_PATHS = (
					"$(inherited)",
					"$(PROJECT_DIR)/UserLoginandRegistration",
				);
				INFOPLIST_FILE = UserLoginandRegistration/Info.plist;
				LD_RUNPATH_SEARCH_PATHS = "$(inherited) @executable_path/Frameworks";
				PRODUCT_NAME = "$(TARGET_NAME)";
				SWIFT_OBJC_BRIDGING_HEADER = "UserLoginandRegistration-Bridging-Header.h";
			};
			name = Release;
		};
		CBDC54EE1AE002A700DEC5CF /* Debug */ = {
			isa = XCBuildConfiguration;
			buildSettings = {
				BUNDLE_LOADER = "$(TEST_HOST)";
				FRAMEWORK_SEARCH_PATHS = (
					"$(SDKROOT)/Developer/Library/Frameworks",
					"$(inherited)",
				);
				GCC_PREPROCESSOR_DEFINITIONS = (
					"DEBUG=1",
					"$(inherited)",
				);
				INFOPLIST_FILE = UserLoginandRegistrationTests/Info.plist;
				LD_RUNPATH_SEARCH_PATHS = "$(inherited) @executable_path/Frameworks @loader_path/Frameworks";
				PRODUCT_NAME = "$(TARGET_NAME)";
				TEST_HOST = "$(BUILT_PRODUCTS_DIR)/UserLoginandRegistration.app/UserLoginandRegistration";
			};
			name = Debug;
		};
		CBDC54EF1AE002A700DEC5CF /* Release */ = {
			isa = XCBuildConfiguration;
			buildSettings = {
				BUNDLE_LOADER = "$(TEST_HOST)";
				FRAMEWORK_SEARCH_PATHS = (
					"$(SDKROOT)/Developer/Library/Frameworks",
					"$(inherited)",
				);
				INFOPLIST_FILE = UserLoginandRegistrationTests/Info.plist;
				LD_RUNPATH_SEARCH_PATHS = "$(inherited) @executable_path/Frameworks @loader_path/Frameworks";
				PRODUCT_NAME = "$(TARGET_NAME)";
				TEST_HOST = "$(BUILT_PRODUCTS_DIR)/UserLoginandRegistration.app/UserLoginandRegistration";
			};
			name = Release;
		};
/* End XCBuildConfiguration section */

/* Begin XCConfigurationList section */
		CBDC54C31AE002A700DEC5CF /* Build configuration list for PBXProject "UserLoginandRegistration" */ = {
			isa = XCConfigurationList;
			buildConfigurations = (
				CBDC54E81AE002A700DEC5CF /* Debug */,
				CBDC54E91AE002A700DEC5CF /* Release */,
			);
			defaultConfigurationIsVisible = 0;
			defaultConfigurationName = Release;
		};
		CBDC54EA1AE002A700DEC5CF /* Build configuration list for PBXNativeTarget "UserLoginandRegistration" */ = {
			isa = XCConfigurationList;
			buildConfigurations = (
				CBDC54EB1AE002A700DEC5CF /* Debug */,
				CBDC54EC1AE002A700DEC5CF /* Release */,
			);
			defaultConfigurationIsVisible = 0;
			defaultConfigurationName = Release;
		};
		CBDC54ED1AE002A700DEC5CF /* Build configuration list for PBXNativeTarget "UserLoginandRegistrationTests" */ = {
			isa = XCConfigurationList;
			buildConfigurations = (
				CBDC54EE1AE002A700DEC5CF /* Debug */,
				CBDC54EF1AE002A700DEC5CF /* Release */,
			);
			defaultConfigurationIsVisible = 0;
			defaultConfigurationName = Release;
		};
/* End XCConfigurationList section */
	};
	rootObject = CBDC54C01AE002A700DEC5CF /* Project object */;
}
